github.com/DataDog/czlib v0.0.0-20210322182103-8087f4e14ae7 h1:6ZJZdzkbvKb6HRXmZ12ICZ0IbqfR+0Cd2C0IutWHHIA=
github.com/DataDog/czlib v0.0.0-20210322182103-8087f4e14ae7/go.mod h1:ROY4muaTWpoeQAx/oUkvxe9zKCmgU5xDGXsfEbA+omc=
github.com/Suremeo/skinconverter v0.0.0-20210209010524-e9392f643e25 h1:UcA9afdSCVl0I4t52UXMo+h6R66DcEBR7r+tZGKtfGU=
github.com/Suremeo/skinconverter v0.0.0-20210209010524-e9392f643e25/go.mod h1:lanJKrRCcUAbEauTzGQ8GCP4vF1hlkw5O5tq33CzICA=
github.com/davecgh/go-spew v1.1.0/go.mod h1:J7Y8YcW2NihsgmVo/mv3lAwl/skON4iLHjSsI+c5H38=
github.com/davecgh/go-spew v1.1.1 h1:vj9j/u1bqnvCEfJOwUhtlOARqs3+rkHYY13jYWTU97c=
github.com/df-mc/atomic v1.10.0 h1:0ZuxBKwR/hxcFGorKiHIp+hY7hgY+XBTzhCYD2NqSEg=
github.com/df-mc/atomic v1.10.0/go.mod h1:Gw9rf+rPIbydMjA329Jn4yjd/O2c/qusw3iNp4tFGSc=
github.com/go-gl/mathgl v1.0.0 h1:t9DznWJlXxxjeeKLIdovCOVJQk/GzDEL7h/h+Ro2B68=
github.com/go-gl/mathgl v1.0.0/go.mod h1:yhpkQzEiH9yPyxDUGzkmgScbaBVlhC06qodikEM0ZwQ=
github.com/google/uuid v1.3.0 h1:t6JiXgmwXMjEs8VusXIJk2BXHsn+wx8BZdTaoZ5fu7I=
github.com/google/uuid v1.3.0/go.mod h1:TIyPZe4MgqvfeYDBFedMoGGpEw/LqOeaOT+nhxU+yHo=
github.com/pmezard/go-difflib v1.0.0 h1:4DBwDE0NGyQoBHbLQYPwSUPoCMWR5BEzIk/f1lZbAQM=
github.com/pmezard/go-difflib v1.0.0/go.mod h1:iKH77koFhYxTK1pcRnkKkqfTogsbg7gZNVY4sRDYZ/4=
github.com/sandertv/go-raknet v1.12.0 h1:olUzZlIJyX/pgj/mrsLCZYjKLNDsYiWdvQ4NIm3z0DA=
github.com/sandertv/go-raknet v1.12.0/go.mod h1:Gx+WgZBMQ0V2UoouGoJ8Wj6CDrMBQ4SB2F/ggpl5/+Y=
github.com/stretchr/objx v0.1.0/go.mod h1:HFkY916IF+rwdDfMAkV7OtwuqBVzrE8GR6GFx+wExME=
github.com/stretchr/testify v1.7.1 h1:5TQK59W5E3v0r2duFAb7P95B6hEeOyEnHRa8MjYSMTY=
github.com/stretchr/testify v1.7.1/go.mod h1:6Fq8oRcR53rry900zMqJjRRixrwX3KX962/h/Wwjteg=
go.uber.org/atomic v1.9.0 h1:ECmE8Bn/WFTYwEW/bpKD3M8VtR/zQVbavAoalC1PYyE=
golang.org/x/crypto v0.0.0-20220210151621-f4118a5b28e2 h1:XdAboW3BNMv9ocSCOk/u1MFioZGzCNkiJZ19v9Oe3Ig=
golang.org/x/crypto v0.0.0-20220210151621-f4118a5b28e2/go.mod h1:IxCIyHEi3zRg3s0A5j5BB6A9Jmi73HwBIUl50j+osU4=
golang.org/x/image v0.0.0-20190321063152-3fc05d484e9f h1:FO4MZ3N56GnxbqxGKqh+YTzUWQ2sDwtFQEZgLOxh9Jc=
golang.org/x/image v0.0.0-20190321063152-3fc05d484e9f/go.mod h1:kZ7UVZpmo3dzQBMxlp+ypCbDeSB+sBbTgSJuh5dn5js=
golang.org/x/text v0.3.0/go.mod h1:NqM8EUOU14njkJ3fqMW+pc6Ldnwhi/IjpwHt7yyuwOQ=
gopkg.in/check.v1 v0.0.0-20161208181325-20d25e280405/go.mod h1:Co6ibVJAznAaIkqp8huTwlJQCZ016jof/cbN4VW5Yz0=
gopkg.in/yaml.v3 v3.0.0-20200313102051-9f266ea9e77c h1:dUUwHk2QECo/6vqA44rthZ8ie2QXMNeKRTHCNY2nXvo=
gopkg.in/yaml.v3 v3.0.0-20200313102051-9f266ea9e77c/go.mod h1:K4uyk7z7BCEPqu6E+C64Yfv1cQ7kz7rIZviUmN+EgEM=
